
Microsoft Visual Studio Solution File, Format Version 12.00
# Visual Studio Version 17
VisualStudioVersion = 17.0.31912.275
MinimumVisualStudioVersion = 10.0.40219.1
Project("{8BC9CEB8-8B4A-11D0-8D11-00A0C91BC942}") = "10oop", "10oop\10oop.vcxproj", "{0F595EE5-BF06-4C65-A644-AC9F8D10E5ED}"
EndProject
Global
	GlobalSection(SolutionConfigurationPlatforms) = preSolution
		Debug|x64 = Debug|x64
		Debug|x86 = Debug|x86
		Release|x64 = Release|x64
		Release|x86 = Release|x86
	EndGlobalSection
	GlobalSection(ProjectConfigurationPlatforms) = postSolution
		{0F595EE5-BF06-4C65-A644-AC9F8D10E5ED}.Debug|x64.ActiveCfg = Debug|x64
		{0F595EE5-BF06-4C65-A644-AC9F8D10E5ED}.Debug|x64.Build.0 = Debug|x64
		{0F595EE5-BF06-4C65-A644-AC9F8D10E5ED}.Debug|x86.ActiveCfg = Debug|Win32
		{0F595EE5-BF06-4C65-A644-AC9F8D10E5ED}.Debug|x86.Build.0 = Debug|Win32
		{0F595EE5-BF06-4C65-A644-AC9F8D10E5ED}.Release|x64.ActiveCfg = Release|x64
		{0F595EE5-BF06-4C65-A644-AC9F8D10E5ED}.Release|x64.Build.0 = Release|x64
		{0F595EE5-BF06-4C65-A644-AC9F8D10E5ED}.Release|x86.ActiveCfg = Release|Win32
		{0F595EE5-BF06-4C65-A644-AC9F8D10E5ED}.Release|x86.Build.0 = Release|Win32
	EndGlobalSection
	GlobalSection(SolutionProperties) = preSolution
		HideSolutionNode = FALSE
	EndGlobalSection
	GlobalSection(ExtensibilityGlobals) = postSolution
		SolutionGuid = {06B35362-D3B8-48FD-BE47-4EC85D0D6AC2}
	EndGlobalSection
EndGlobal
